
Microsoft Visual Studio Solution File, Format Version 12.00
# Visual Studio Version 16
VisualStudioVersion = 16.0.31515.178
MinimumVisualStudioVersion = 10.0.40219.1
Project("{FAE04EC0-301F-11D3-BF4B-00C04F79EFBC}") = "MathCore.WPF.Map", "MathCore.WPF.Map\MathCore.WPF.Map.csproj", "{5C392176-C601-471D-AA1B-1AFE176B33CA}"
EndProject
Global
	GlobalSection(SolutionConfigurationPlatforms) = preSolution
		Debug|Any CPU = Debug|Any CPU
		Release|Any CPU = Release|Any CPU
	EndGlobalSection
	GlobalSection(ProjectConfigurationPlatforms) = postSolution
		{5C392176-C601-471D-AA1B-1AFE176B33CA}.Debug|Any CPU.ActiveCfg = Debug|Any CPU
		{5C392176-C601-471D-AA1B-1AFE176B33CA}.Debug|Any CPU.Build.0 = Debug|Any CPU
		{5C392176-C601-471D-AA1B-1AFE176B33CA}.Release|Any CPU.ActiveCfg = Release|Any CPU
		{5C392176-C601-471D-AA1B-1AFE176B33CA}.Release|Any CPU.Build.0 = Release|Any CPU
	EndGlobalSection
	GlobalSection(SolutionProperties) = preSolution
		HideSolutionNode = FALSE
	EndGlobalSection
	GlobalSection(ExtensibilityGlobals) = postSolution
		SolutionGuid = {01527A84-EB92-4CAA-AE95-3434D13C5238}
	EndGlobalSection
EndGlobal
